
Microsoft Visual Studio Solution File, Format Version 12.00
# Visual Studio Version 17
VisualStudioVersion = 17.1.32228.430
MinimumVisualStudioVersion = 10.0.40219.1
Project("{9A19103F-16F7-4668-BE54-9A1E7A4F7556}") = "ANDERSONDFM.API", "src\ANDERSONDFM.API\ANDERSONDFM.API.csproj", "{346D8EA5-DAC2-468D-88ED-3F655DF50132}"
EndProject
Project("{2150E333-8FDC-42A3-9474-1A3956D46DE8}") = "1.API", "1.API", "{85A60BF7-91AD-4212-BB4F-978C8FA72125}"
EndProject
Project("{2150E333-8FDC-42A3-9474-1A3956D46DE8}") = "2.Aplicacao", "2.Aplicacao", "{B2D0A5AD-0787-4402-8FC9-839A5FEDAB33}"
EndProject
Project("{2150E333-8FDC-42A3-9474-1A3956D46DE8}") = "3.Dominio", "3.Dominio", "{C50C229B-C666-4206-99DD-74D8A13CD837}"
EndProject
Project("{2150E333-8FDC-42A3-9474-1A3956D46DE8}") = "4.Infra", "4.Infra", "{0D713E33-4C1F-40F4-ACF3-F367F75EF814}"
EndProject
Project("{2150E333-8FDC-42A3-9474-1A3956D46DE8}") = "5.Testes", "5.Testes", "{E2F55C78-FEC5-4875-8911-196C761351D4}"
EndProject
Project("{9A19103F-16F7-4668-BE54-9A1E7A4F7556}") = "ANDERSONDFM.Aplicacao", "src\ANDERSONDFM.Aplicacao\ANDERSONDFM.Aplicacao.csproj", "{BDF876EC-90CF-44F7-84CC-C665A6B65D19}"
EndProject
Project("{9A19103F-16F7-4668-BE54-9A1E7A4F7556}") = "ANDERSONDFM.Compartilhado", "src\ANDERSONDFM.Compartilhado\ANDERSONDFM.Compartilhado.csproj", "{2E0D6791-4870-49D1-A510-8461917E33E5}"
EndProject
Project("{9A19103F-16F7-4668-BE54-9A1E7A4F7556}") = "ANDERSONDFM.Dominio", "src\ANDERSONDFM.Dominio\ANDERSONDFM.Dominio.csproj", "{8E5444FE-F0F3-451B-A561-5E1E1A35DEEB}"
EndProject
Project("{2150E333-8FDC-42A3-9474-1A3956D46DE8}") = "4.1 Dados", "4.1 Dados", "{F3DBBACD-45C9-4CC9-AF58-FF5DD6BDD58F}"
EndProject
Project("{2150E333-8FDC-42A3-9474-1A3956D46DE8}") = "4.2 DataTools", "4.2 DataTools", "{1937C797-E2AA-41DA-8689-4C67FECFE1C1}"
EndProject
Project("{2150E333-8FDC-42A3-9474-1A3956D46DE8}") = "4.3 IoC", "4.3 IoC", "{BC9A0A13-8FE5-48A7-A135-A28E26A57569}"
EndProject
Project("{9A19103F-16F7-4668-BE54-9A1E7A4F7556}") = "ANDERSONDFM.Infra.IoC", "src\ANDERSONDFM.Infra.IoC\ANDERSONDFM.Infra.IoC.csproj", "{5A58A232-332E-48EF-8DE8-4D8E3142A383}"
EndProject
Project("{9A19103F-16F7-4668-BE54-9A1E7A4F7556}") = "ANDERSONDFM.Infra", "src\ANDERSONDFM.Infra\ANDERSONDFM.Infra.csproj", "{B486CF82-F71F-4EF1-9847-1AC8491FEE79}"
EndProject
Project("{00D1A9C2-B5F0-4AF3-8072-F6C62B433612}") = "DataTools", "src\ANDERSONDFM.DataTools\DataTools.sqlproj", "{FF2439EF-15CC-43F4-AE1A-80907FAAFE30}"
EndProject
Global
	GlobalSection(SolutionConfigurationPlatforms) = preSolution
		Debug|Any CPU = Debug|Any CPU
		Release|Any CPU = Release|Any CPU
	EndGlobalSection
	GlobalSection(ProjectConfigurationPlatforms) = postSolution
		{346D8EA5-DAC2-468D-88ED-3F655DF50132}.Debug|Any CPU.ActiveCfg = Debug|Any CPU
		{346D8EA5-DAC2-468D-88ED-3F655DF50132}.Debug|Any CPU.Build.0 = Debug|Any CPU
		{346D8EA5-DAC2-468D-88ED-3F655DF50132}.Release|Any CPU.ActiveCfg = Release|Any CPU
		{346D8EA5-DAC2-468D-88ED-3F655DF50132}.Release|Any CPU.Build.0 = Release|Any CPU
		{BDF876EC-90CF-44F7-84CC-C665A6B65D19}.Debug|Any CPU.ActiveCfg = Debug|Any CPU
		{BDF876EC-90CF-44F7-84CC-C665A6B65D19}.Debug|Any CPU.Build.0 = Debug|Any CPU
		{BDF876EC-90CF-44F7-84CC-C665A6B65D19}.Release|Any CPU.ActiveCfg = Release|Any CPU
		{BDF876EC-90CF-44F7-84CC-C665A6B65D19}.Release|Any CPU.Build.0 = Release|Any CPU
		{2E0D6791-4870-49D1-A510-8461917E33E5}.Debug|Any CPU.ActiveCfg = Debug|Any CPU
		{2E0D6791-4870-49D1-A510-8461917E33E5}.Debug|Any CPU.Build.0 = Debug|Any CPU
		{2E0D6791-4870-49D1-A510-8461917E33E5}.Release|Any CPU.ActiveCfg = Release|Any CPU
		{2E0D6791-4870-49D1-A510-8461917E33E5}.Release|Any CPU.Build.0 = Release|Any CPU
		{8E5444FE-F0F3-451B-A561-5E1E1A35DEEB}.Debug|Any CPU.ActiveCfg = Debug|Any CPU
		{8E5444FE-F0F3-451B-A561-5E1E1A35DEEB}.Debug|Any CPU.Build.0 = Debug|Any CPU
		{8E5444FE-F0F3-451B-A561-5E1E1A35DEEB}.Release|Any CPU.ActiveCfg = Release|Any CPU
		{8E5444FE-F0F3-451B-A561-5E1E1A35DEEB}.Release|Any CPU.Build.0 = Release|Any CPU
		{5A58A232-332E-48EF-8DE8-4D8E3142A383}.Debug|Any CPU.ActiveCfg = Debug|Any CPU
		{5A58A232-332E-48EF-8DE8-4D8E3142A383}.Debug|Any CPU.Build.0 = Debug|Any CPU
		{5A58A232-332E-48EF-8DE8-4D8E3142A383}.Release|Any CPU.ActiveCfg = Release|Any CPU
		{5A58A232-332E-48EF-8DE8-4D8E3142A383}.Release|Any CPU.Build.0 = Release|Any CPU
		{B486CF82-F71F-4EF1-9847-1AC8491FEE79}.Debug|Any CPU.ActiveCfg = Debug|Any CPU
		{B486CF82-F71F-4EF1-9847-1AC8491FEE79}.Debug|Any CPU.Build.0 = Debug|Any CPU
		{B486CF82-F71F-4EF1-9847-1AC8491FEE79}.Release|Any CPU.ActiveCfg = Release|Any CPU
		{B486CF82-F71F-4EF1-9847-1AC8491FEE79}.Release|Any CPU.Build.0 = Release|Any CPU
		{FF2439EF-15CC-43F4-AE1A-80907FAAFE30}.Debug|Any CPU.ActiveCfg = Debug|Any CPU
		{FF2439EF-15CC-43F4-AE1A-80907FAAFE30}.Debug|Any CPU.Build.0 = Debug|Any CPU
		{FF2439EF-15CC-43F4-AE1A-80907FAAFE30}.Debug|Any CPU.Deploy.0 = Debug|Any CPU
		{FF2439EF-15CC-43F4-AE1A-80907FAAFE30}.Release|Any CPU.ActiveCfg = Release|Any CPU
		{FF2439EF-15CC-43F4-AE1A-80907FAAFE30}.Release|Any CPU.Build.0 = Release|Any CPU
		{FF2439EF-15CC-43F4-AE1A-80907FAAFE30}.Release|Any CPU.Deploy.0 = Release|Any CPU
	EndGlobalSection
	GlobalSection(SolutionProperties) = preSolution
		HideSolutionNode = FALSE
	EndGlobalSection
	GlobalSection(NestedProjects) = preSolution
		{346D8EA5-DAC2-468D-88ED-3F655DF50132} = {85A60BF7-91AD-4212-BB4F-978C8FA72125}
		{BDF876EC-90CF-44F7-84CC-C665A6B65D19} = {B2D0A5AD-0787-4402-8FC9-839A5FEDAB33}
		{2E0D6791-4870-49D1-A510-8461917E33E5} = {C50C229B-C666-4206-99DD-74D8A13CD837}
		{8E5444FE-F0F3-451B-A561-5E1E1A35DEEB} = {C50C229B-C666-4206-99DD-74D8A13CD837}
		{F3DBBACD-45C9-4CC9-AF58-FF5DD6BDD58F} = {0D713E33-4C1F-40F4-ACF3-F367F75EF814}
		{1937C797-E2AA-41DA-8689-4C67FECFE1C1} = {0D713E33-4C1F-40F4-ACF3-F367F75EF814}
		{BC9A0A13-8FE5-48A7-A135-A28E26A57569} = {0D713E33-4C1F-40F4-ACF3-F367F75EF814}
		{5A58A232-332E-48EF-8DE8-4D8E3142A383} = {BC9A0A13-8FE5-48A7-A135-A28E26A57569}
		{B486CF82-F71F-4EF1-9847-1AC8491FEE79} = {F3DBBACD-45C9-4CC9-AF58-FF5DD6BDD58F}
		{FF2439EF-15CC-43F4-AE1A-80907FAAFE30} = {1937C797-E2AA-41DA-8689-4C67FECFE1C1}
	EndGlobalSection
	GlobalSection(ExtensibilityGlobals) = postSolution
		SolutionGuid = {4A3ABD84-AB1C-48F7-A53A-60264EE94A15}
	EndGlobalSection
EndGlobal
